
Microsoft Visual Studio Solution File, Format Version 12.00
# Visual Studio Version 17
VisualStudioVersion = 17.1.32328.378
MinimumVisualStudioVersion = 10.0.40219.1
Project("{FAE04EC0-301F-11D3-BF4B-00C04F79EFBC}") = "SortFilterAdmin(Framework)", "SortFilterAdmin(Framework)\SortFilterAdmin(Framework).csproj", "{FBB10997-100C-4923-8D63-0B21694315AA}"
EndProject
Global
	GlobalSection(SolutionConfigurationPlatforms) = preSolution
		Debug|Any CPU = Debug|Any CPU
		Release|Any CPU = Release|Any CPU
	EndGlobalSection
	GlobalSection(ProjectConfigurationPlatforms) = postSolution
		{FBB10997-100C-4923-8D63-0B21694315AA}.Debug|Any CPU.ActiveCfg = Debug|Any CPU
		{FBB10997-100C-4923-8D63-0B21694315AA}.Debug|Any CPU.Build.0 = Debug|Any CPU
		{FBB10997-100C-4923-8D63-0B21694315AA}.Release|Any CPU.ActiveCfg = Release|Any CPU
		{FBB10997-100C-4923-8D63-0B21694315AA}.Release|Any CPU.Build.0 = Release|Any CPU
	EndGlobalSection
	GlobalSection(SolutionProperties) = preSolution
		HideSolutionNode = FALSE
	EndGlobalSection
	GlobalSection(ExtensibilityGlobals) = postSolution
		SolutionGuid = {C83212BC-371E-4169-9972-B578C777288F}
	EndGlobalSection
EndGlobal
